{
  "name": "dblokes",
  "version": "1.0.0",
  "lockfileVersion": 3,
  "requires": true,
  "packages": {
    "": {
      "name": "dblokes",
      "version": "1.0.0",
      "license": "ISC",
      "dependencies": {
        "gsap": "npm:@gsap/shockingly@^3.12.5"
      }
    },
    "node_modules/gsap": {
      "name": "@gsap/shockingly",
      "version": "3.12.5",
      "resolved": "https://npm.greensock.com/@gsap%2fshockingly/-/shockingly-3.12.5.tgz",
      "integrity": "sha512-JoZp6iYvOC+wkwl8zfXSqSrYCcuzTntaULCL08YMa1vonrYcr9D0K3EUe9PNpw7FYK1chjSwjjgcw3zS/O2SWg==",
      "license": "This package should only be used by individuals/companies with an active Club GSAP membership (Premium or higher). See https://gsap.com/pricing/. Licensing: https://gsap.com/licensing/"
    }
  }
}
